
Microsoft Visual Studio Solution File, Format Version 12.00
# Visual Studio Version 17
VisualStudioVersion = 17.11.35312.102
MinimumVisualStudioVersion = 10.0.40219.1
Project("{FAE04EC0-301F-11D3-BF4B-00C04F79EFBC}") = "Camper", "Camper\Camper.csproj", "{3B2E50CD-0CED-4661-A8C2-F960E8235BC2}"
EndProject
Project("{FAE04EC0-301F-11D3-BF4B-00C04F79EFBC}") = "Navigation", "Navigation\Navigation.csproj", "{AD83D338-A371-4A42-939E-2C54799EBD49}"
EndProject
Project("{FAE04EC0-301F-11D3-BF4B-00C04F79EFBC}") = "EquipmentLibrary", "EquipmentLibrary\EquipmentLibrary.csproj", "{BF1931B9-4937-47AE-9334-C472E06FD61E}"
EndProject
Project("{FAE04EC0-301F-11D3-BF4B-00C04F79EFBC}") = "GPS", "GPS\GPS.csproj", "{1DBA7C38-A21E-464B-A75A-DE176E238802}"
EndProject
Project("{FAE04EC0-301F-11D3-BF4B-00C04F79EFBC}") = "CamperTests", "CamperTests\CamperTests.csproj", "{ECF7CBD6-FC44-49B2-948A-E4D431052763}"
EndProject
Project("{FAE04EC0-301F-11D3-BF4B-00C04F79EFBC}") = "AlertManager", "AlertManager\AlertManager.csproj", "{46404A5B-8D40-4847-A9F6-983DA09F9805}"
EndProject
Project("{2150E333-8FDC-42A3-9474-1A3956D46DE8}") = "Models", "Models", "{9ED543E1-B78B-4B1B-9D58-A37EE2DCB2BB}"
	ProjectSection(SolutionItems) = preProject
		CamperModel.cs = CamperModel.cs
	EndProjectSection
EndProject
Project("{FAE04EC0-301F-11D3-BF4B-00C04F79EFBC}") = "Logger", "Logger\Logger.csproj", "{F347379A-626B-4D60-B1CA-4B2CD4602EFF}"
EndProject
Global
	GlobalSection(SolutionConfigurationPlatforms) = preSolution
		Debug|Any CPU = Debug|Any CPU
		Debug|ARM = Debug|ARM
		Debug|x64 = Debug|x64
		Debug|x86 = Debug|x86
		Release|Any CPU = Release|Any CPU
		Release|ARM = Release|ARM
		Release|x64 = Release|x64
		Release|x86 = Release|x86
	EndGlobalSection
	GlobalSection(ProjectConfigurationPlatforms) = postSolution
		{3B2E50CD-0CED-4661-A8C2-F960E8235BC2}.Debug|Any CPU.ActiveCfg = Debug|Any CPU
		{3B2E50CD-0CED-4661-A8C2-F960E8235BC2}.Debug|Any CPU.Build.0 = Debug|Any CPU
		{3B2E50CD-0CED-4661-A8C2-F960E8235BC2}.Debug|ARM.ActiveCfg = Debug|Any CPU
		{3B2E50CD-0CED-4661-A8C2-F960E8235BC2}.Debug|ARM.Build.0 = Debug|Any CPU
		{3B2E50CD-0CED-4661-A8C2-F960E8235BC2}.Debug|x64.ActiveCfg = Debug|Any CPU
		{3B2E50CD-0CED-4661-A8C2-F960E8235BC2}.Debug|x64.Build.0 = Debug|Any CPU
		{3B2E50CD-0CED-4661-A8C2-F960E8235BC2}.Debug|x86.ActiveCfg = Debug|Any CPU
		{3B2E50CD-0CED-4661-A8C2-F960E8235BC2}.Debug|x86.Build.0 = Debug|Any CPU
		{3B2E50CD-0CED-4661-A8C2-F960E8235BC2}.Release|Any CPU.ActiveCfg = Release|Any CPU
		{3B2E50CD-0CED-4661-A8C2-F960E8235BC2}.Release|Any CPU.Build.0 = Release|Any CPU
		{3B2E50CD-0CED-4661-A8C2-F960E8235BC2}.Release|ARM.ActiveCfg = Release|Any CPU
		{3B2E50CD-0CED-4661-A8C2-F960E8235BC2}.Release|ARM.Build.0 = Release|Any CPU
		{3B2E50CD-0CED-4661-A8C2-F960E8235BC2}.Release|x64.ActiveCfg = Release|Any CPU
		{3B2E50CD-0CED-4661-A8C2-F960E8235BC2}.Release|x64.Build.0 = Release|Any CPU
		{3B2E50CD-0CED-4661-A8C2-F960E8235BC2}.Release|x86.ActiveCfg = Release|Any CPU
		{3B2E50CD-0CED-4661-A8C2-F960E8235BC2}.Release|x86.Build.0 = Release|Any CPU
		{AD83D338-A371-4A42-939E-2C54799EBD49}.Debug|Any CPU.ActiveCfg = Debug|Any CPU
		{AD83D338-A371-4A42-939E-2C54799EBD49}.Debug|Any CPU.Build.0 = Debug|Any CPU
		{AD83D338-A371-4A42-939E-2C54799EBD49}.Debug|ARM.ActiveCfg = Debug|Any CPU
		{AD83D338-A371-4A42-939E-2C54799EBD49}.Debug|ARM.Build.0 = Debug|Any CPU
		{AD83D338-A371-4A42-939E-2C54799EBD49}.Debug|x64.ActiveCfg = Debug|Any CPU
		{AD83D338-A371-4A42-939E-2C54799EBD49}.Debug|x64.Build.0 = Debug|Any CPU
		{AD83D338-A371-4A42-939E-2C54799EBD49}.Debug|x86.ActiveCfg = Debug|Any CPU
		{AD83D338-A371-4A42-939E-2C54799EBD49}.Debug|x86.Build.0 = Debug|Any CPU
		{AD83D338-A371-4A42-939E-2C54799EBD49}.Release|Any CPU.ActiveCfg = Release|Any CPU
		{AD83D338-A371-4A42-939E-2C54799EBD49}.Release|Any CPU.Build.0 = Release|Any CPU
		{AD83D338-A371-4A42-939E-2C54799EBD49}.Release|ARM.ActiveCfg = Release|Any CPU
		{AD83D338-A371-4A42-939E-2C54799EBD49}.Release|ARM.Build.0 = Release|Any CPU
		{AD83D338-A371-4A42-939E-2C54799EBD49}.Release|x64.ActiveCfg = Release|Any CPU
		{AD83D338-A371-4A42-939E-2C54799EBD49}.Release|x64.Build.0 = Release|Any CPU
		{AD83D338-A371-4A42-939E-2C54799EBD49}.Release|x86.ActiveCfg = Release|Any CPU
		{AD83D338-A371-4A42-939E-2C54799EBD49}.Release|x86.Build.0 = Release|Any CPU
		{BF1931B9-4937-47AE-9334-C472E06FD61E}.Debug|Any CPU.ActiveCfg = Debug|Any CPU
		{BF1931B9-4937-47AE-9334-C472E06FD61E}.Debug|Any CPU.Build.0 = Debug|Any CPU
		{BF1931B9-4937-47AE-9334-C472E06FD61E}.Debug|ARM.ActiveCfg = Debug|Any CPU
		{BF1931B9-4937-47AE-9334-C472E06FD61E}.Debug|ARM.Build.0 = Debug|Any CPU
		{BF1931B9-4937-47AE-9334-C472E06FD61E}.Debug|x64.ActiveCfg = Debug|Any CPU
		{BF1931B9-4937-47AE-9334-C472E06FD61E}.Debug|x64.Build.0 = Debug|Any CPU
		{BF1931B9-4937-47AE-9334-C472E06FD61E}.Debug|x86.ActiveCfg = Debug|Any CPU
		{BF1931B9-4937-47AE-9334-C472E06FD61E}.Debug|x86.Build.0 = Debug|Any CPU
		{BF1931B9-4937-47AE-9334-C472E06FD61E}.Release|Any CPU.ActiveCfg = Release|Any CPU
		{BF1931B9-4937-47AE-9334-C472E06FD61E}.Release|Any CPU.Build.0 = Release|Any CPU
		{BF1931B9-4937-47AE-9334-C472E06FD61E}.Release|ARM.ActiveCfg = Release|Any CPU
		{BF1931B9-4937-47AE-9334-C472E06FD61E}.Release|ARM.Build.0 = Release|Any CPU
		{BF1931B9-4937-47AE-9334-C472E06FD61E}.Release|x64.ActiveCfg = Release|Any CPU
		{BF1931B9-4937-47AE-9334-C472E06FD61E}.Release|x64.Build.0 = Release|Any CPU
		{BF1931B9-4937-47AE-9334-C472E06FD61E}.Release|x86.ActiveCfg = Release|Any CPU
		{BF1931B9-4937-47AE-9334-C472E06FD61E}.Release|x86.Build.0 = Release|Any CPU
		{1DBA7C38-A21E-464B-A75A-DE176E238802}.Debug|Any CPU.ActiveCfg = Debug|Any CPU
		{1DBA7C38-A21E-464B-A75A-DE176E238802}.Debug|Any CPU.Build.0 = Debug|Any CPU
		{1DBA7C38-A21E-464B-A75A-DE176E238802}.Debug|ARM.ActiveCfg = Debug|Any CPU
		{1DBA7C38-A21E-464B-A75A-DE176E238802}.Debug|ARM.Build.0 = Debug|Any CPU
		{1DBA7C38-A21E-464B-A75A-DE176E238802}.Debug|x64.ActiveCfg = Debug|Any CPU
		{1DBA7C38-A21E-464B-A75A-DE176E238802}.Debug|x64.Build.0 = Debug|Any CPU
		{1DBA7C38-A21E-464B-A75A-DE176E238802}.Debug|x86.ActiveCfg = Debug|Any CPU
		{1DBA7C38-A21E-464B-A75A-DE176E238802}.Debug|x86.Build.0 = Debug|Any CPU
		{1DBA7C38-A21E-464B-A75A-DE176E238802}.Release|Any CPU.ActiveCfg = Release|Any CPU
		{1DBA7C38-A21E-464B-A75A-DE176E238802}.Release|Any CPU.Build.0 = Release|Any CPU
		{1DBA7C38-A21E-464B-A75A-DE176E238802}.Release|ARM.ActiveCfg = Release|Any CPU
		{1DBA7C38-A21E-464B-A75A-DE176E238802}.Release|ARM.Build.0 = Release|Any CPU
		{1DBA7C38-A21E-464B-A75A-DE176E238802}.Release|x64.ActiveCfg = Release|Any CPU
		{1DBA7C38-A21E-464B-A75A-DE176E238802}.Release|x64.Build.0 = Release|Any CPU
		{1DBA7C38-A21E-464B-A75A-DE176E238802}.Release|x86.ActiveCfg = Release|Any CPU
		{1DBA7C38-A21E-464B-A75A-DE176E238802}.Release|x86.Build.0 = Release|Any CPU
		{ECF7CBD6-FC44-49B2-948A-E4D431052763}.Debug|Any CPU.ActiveCfg = Debug|Any CPU
		{ECF7CBD6-FC44-49B2-948A-E4D431052763}.Debug|Any CPU.Build.0 = Debug|Any CPU
		{ECF7CBD6-FC44-49B2-948A-E4D431052763}.Debug|ARM.ActiveCfg = Debug|Any CPU
		{ECF7CBD6-FC44-49B2-948A-E4D431052763}.Debug|ARM.Build.0 = Debug|Any CPU
		{ECF7CBD6-FC44-49B2-948A-E4D431052763}.Debug|x64.ActiveCfg = Debug|Any CPU
		{ECF7CBD6-FC44-49B2-948A-E4D431052763}.Debug|x64.Build.0 = Debug|Any CPU
		{ECF7CBD6-FC44-49B2-948A-E4D431052763}.Debug|x86.ActiveCfg = Debug|Any CPU
		{ECF7CBD6-FC44-49B2-948A-E4D431052763}.Debug|x86.Build.0 = Debug|Any CPU
		{ECF7CBD6-FC44-49B2-948A-E4D431052763}.Release|Any CPU.ActiveCfg = Release|Any CPU
		{ECF7CBD6-FC44-49B2-948A-E4D431052763}.Release|Any CPU.Build.0 = Release|Any CPU
		{ECF7CBD6-FC44-49B2-948A-E4D431052763}.Release|ARM.ActiveCfg = Release|Any CPU
		{ECF7CBD6-FC44-49B2-948A-E4D431052763}.Release|ARM.Build.0 = Release|Any CPU
		{ECF7CBD6-FC44-49B2-948A-E4D431052763}.Release|x64.ActiveCfg = Release|Any CPU
		{ECF7CBD6-FC44-49B2-948A-E4D431052763}.Release|x64.Build.0 = Release|Any CPU
		{ECF7CBD6-FC44-49B2-948A-E4D431052763}.Release|x86.ActiveCfg = Release|Any CPU
		{ECF7CBD6-FC44-49B2-948A-E4D431052763}.Release|x86.Build.0 = Release|Any CPU
		{46404A5B-8D40-4847-A9F6-983DA09F9805}.Debug|Any CPU.ActiveCfg = Debug|Any CPU
		{46404A5B-8D40-4847-A9F6-983DA09F9805}.Debug|Any CPU.Build.0 = Debug|Any CPU
		{46404A5B-8D40-4847-A9F6-983DA09F9805}.Debug|ARM.ActiveCfg = Debug|ARM
		{46404A5B-8D40-4847-A9F6-983DA09F9805}.Debug|ARM.Build.0 = Debug|ARM
		{46404A5B-8D40-4847-A9F6-983DA09F9805}.Debug|x64.ActiveCfg = Debug|x64
		{46404A5B-8D40-4847-A9F6-983DA09F9805}.Debug|x64.Build.0 = Debug|x64
		{46404A5B-8D40-4847-A9F6-983DA09F9805}.Debug|x86.ActiveCfg = Debug|x86
		{46404A5B-8D40-4847-A9F6-983DA09F9805}.Debug|x86.Build.0 = Debug|x86
		{46404A5B-8D40-4847-A9F6-983DA09F9805}.Release|Any CPU.ActiveCfg = Release|Any CPU
		{46404A5B-8D40-4847-A9F6-983DA09F9805}.Release|Any CPU.Build.0 = Release|Any CPU
		{46404A5B-8D40-4847-A9F6-983DA09F9805}.Release|ARM.ActiveCfg = Release|ARM
		{46404A5B-8D40-4847-A9F6-983DA09F9805}.Release|ARM.Build.0 = Release|ARM
		{46404A5B-8D40-4847-A9F6-983DA09F9805}.Release|x64.ActiveCfg = Release|x64
		{46404A5B-8D40-4847-A9F6-983DA09F9805}.Release|x64.Build.0 = Release|x64
		{46404A5B-8D40-4847-A9F6-983DA09F9805}.Release|x86.ActiveCfg = Release|x86
		{46404A5B-8D40-4847-A9F6-983DA09F9805}.Release|x86.Build.0 = Release|x86
		{F347379A-626B-4D60-B1CA-4B2CD4602EFF}.Debug|Any CPU.ActiveCfg = Debug|Any CPU
		{F347379A-626B-4D60-B1CA-4B2CD4602EFF}.Debug|Any CPU.Build.0 = Debug|Any CPU
		{F347379A-626B-4D60-B1CA-4B2CD4602EFF}.Debug|ARM.ActiveCfg = Debug|Any CPU
		{F347379A-626B-4D60-B1CA-4B2CD4602EFF}.Debug|ARM.Build.0 = Debug|Any CPU
		{F347379A-626B-4D60-B1CA-4B2CD4602EFF}.Debug|x64.ActiveCfg = Debug|Any CPU
		{F347379A-626B-4D60-B1CA-4B2CD4602EFF}.Debug|x64.Build.0 = Debug|Any CPU
		{F347379A-626B-4D60-B1CA-4B2CD4602EFF}.Debug|x86.ActiveCfg = Debug|Any CPU
		{F347379A-626B-4D60-B1CA-4B2CD4602EFF}.Debug|x86.Build.0 = Debug|Any CPU
		{F347379A-626B-4D60-B1CA-4B2CD4602EFF}.Release|Any CPU.ActiveCfg = Release|Any CPU
		{F347379A-626B-4D60-B1CA-4B2CD4602EFF}.Release|Any CPU.Build.0 = Release|Any CPU
		{F347379A-626B-4D60-B1CA-4B2CD4602EFF}.Release|ARM.ActiveCfg = Release|Any CPU
		{F347379A-626B-4D60-B1CA-4B2CD4602EFF}.Release|ARM.Build.0 = Release|Any CPU
		{F347379A-626B-4D60-B1CA-4B2CD4602EFF}.Release|x64.ActiveCfg = Release|Any CPU
		{F347379A-626B-4D60-B1CA-4B2CD4602EFF}.Release|x64.Build.0 = Release|Any CPU
		{F347379A-626B-4D60-B1CA-4B2CD4602EFF}.Release|x86.ActiveCfg = Release|Any CPU
		{F347379A-626B-4D60-B1CA-4B2CD4602EFF}.Release|x86.Build.0 = Release|Any CPU
	EndGlobalSection
	GlobalSection(SolutionProperties) = preSolution
		HideSolutionNode = FALSE
	EndGlobalSection
	GlobalSection(ExtensibilityGlobals) = postSolution
		SolutionGuid = {B92BEAC1-6377-4349-85C1-5AD343E09AB2}
	EndGlobalSection
EndGlobal
